
Microsoft Visual Studio Solution File, Format Version 12.00
# Visual Studio Version 17
VisualStudioVersion = 17.4.33122.133
MinimumVisualStudioVersion = 10.0.40219.1
Project("{9A19103F-16F7-4668-BE54-9A1E7A4F7556}") = "KafkaConsumer", "ConsoleKafka\KafkaConsumer.csproj", "{10C8D93E-838E-4062-BF45-2A7C7D206D25}"
EndProject
Project("{9A19103F-16F7-4668-BE54-9A1E7A4F7556}") = "KafkaProducer", "KafkaProducer\KafkaProducer.csproj", "{9F2984A3-C71A-4F7F-8FB8-6C04E6CE199A}"
EndProject
Project("{9A19103F-16F7-4668-BE54-9A1E7A4F7556}") = "ConsoleStreams", "ConsoleStreams\ConsoleStreams.csproj", "{CEF3A00D-CF52-45B8-B372-083FDB04ABF6}"
EndProject
Project("{FAE04EC0-301F-11D3-BF4B-00C04F79EFBC}") = "ConsoleKSqlDB", "ConsoleKSqlDB\ConsoleKSqlDB.csproj", "{7ED9D776-2572-47EB-B5CF-DBD8700C1EB1}"
EndProject
Project("{2150E333-8FDC-42A3-9474-1A3956D46DE8}") = "Solution Items", "Solution Items", "{0F569B47-CC76-471E-934D-9E8612B3806C}"
	ProjectSection(SolutionItems) = preProject
		docker-compose.yml = docker-compose.yml
	EndProjectSection
EndProject
Global
	GlobalSection(SolutionConfigurationPlatforms) = preSolution
		Debug|Any CPU = Debug|Any CPU
		Release|Any CPU = Release|Any CPU
	EndGlobalSection
	GlobalSection(ProjectConfigurationPlatforms) = postSolution
		{10C8D93E-838E-4062-BF45-2A7C7D206D25}.Debug|Any CPU.ActiveCfg = Debug|Any CPU
		{10C8D93E-838E-4062-BF45-2A7C7D206D25}.Debug|Any CPU.Build.0 = Debug|Any CPU
		{10C8D93E-838E-4062-BF45-2A7C7D206D25}.Release|Any CPU.ActiveCfg = Release|Any CPU
		{10C8D93E-838E-4062-BF45-2A7C7D206D25}.Release|Any CPU.Build.0 = Release|Any CPU
		{9F2984A3-C71A-4F7F-8FB8-6C04E6CE199A}.Debug|Any CPU.ActiveCfg = Debug|Any CPU
		{9F2984A3-C71A-4F7F-8FB8-6C04E6CE199A}.Debug|Any CPU.Build.0 = Debug|Any CPU
		{9F2984A3-C71A-4F7F-8FB8-6C04E6CE199A}.Release|Any CPU.ActiveCfg = Release|Any CPU
		{9F2984A3-C71A-4F7F-8FB8-6C04E6CE199A}.Release|Any CPU.Build.0 = Release|Any CPU
		{CEF3A00D-CF52-45B8-B372-083FDB04ABF6}.Debug|Any CPU.ActiveCfg = Debug|Any CPU
		{CEF3A00D-CF52-45B8-B372-083FDB04ABF6}.Debug|Any CPU.Build.0 = Debug|Any CPU
		{CEF3A00D-CF52-45B8-B372-083FDB04ABF6}.Release|Any CPU.ActiveCfg = Release|Any CPU
		{CEF3A00D-CF52-45B8-B372-083FDB04ABF6}.Release|Any CPU.Build.0 = Release|Any CPU
		{7ED9D776-2572-47EB-B5CF-DBD8700C1EB1}.Debug|Any CPU.ActiveCfg = Debug|Any CPU
		{7ED9D776-2572-47EB-B5CF-DBD8700C1EB1}.Debug|Any CPU.Build.0 = Debug|Any CPU
		{7ED9D776-2572-47EB-B5CF-DBD8700C1EB1}.Release|Any CPU.ActiveCfg = Release|Any CPU
		{7ED9D776-2572-47EB-B5CF-DBD8700C1EB1}.Release|Any CPU.Build.0 = Release|Any CPU
	EndGlobalSection
	GlobalSection(SolutionProperties) = preSolution
		HideSolutionNode = FALSE
	EndGlobalSection
	GlobalSection(ExtensibilityGlobals) = postSolution
		SolutionGuid = {92925C48-B11F-4AAD-9D38-12EAE9CC37AD}
	EndGlobalSection
EndGlobal
